
Microsoft Visual Studio Solution File, Format Version 12.00
# Visual Studio 15
VisualStudioVersion = 15.0.28306.52
MinimumVisualStudioVersion = 10.0.40219.1
Project("{FAE04EC0-301F-11D3-BF4B-00C04F79EFBC}") = "Snake", "Snake\Snake.csproj", "{578B3A9E-A9E9-46A9-9D7C-28574A1AE4FA}"
EndProject
Global
	GlobalSection(SolutionConfigurationPlatforms) = preSolution
		Debug|Any CPU = Debug|Any CPU
		Release|Any CPU = Release|Any CPU
	EndGlobalSection
	GlobalSection(ProjectConfigurationPlatforms) = postSolution
		{578B3A9E-A9E9-46A9-9D7C-28574A1AE4FA}.Debug|Any CPU.ActiveCfg = Debug|Any CPU
		{578B3A9E-A9E9-46A9-9D7C-28574A1AE4FA}.Debug|Any CPU.Build.0 = Debug|Any CPU
		{578B3A9E-A9E9-46A9-9D7C-28574A1AE4FA}.Release|Any CPU.ActiveCfg = Release|Any CPU
		{578B3A9E-A9E9-46A9-9D7C-28574A1AE4FA}.Release|Any CPU.Build.0 = Release|Any CPU
	EndGlobalSection
	GlobalSection(SolutionProperties) = preSolution
		HideSolutionNode = FALSE
	EndGlobalSection
	GlobalSection(ExtensibilityGlobals) = postSolution
		SolutionGuid = {7337BD77-602F-4435-88A9-CB9E0CCA18E6}
	EndGlobalSection
EndGlobal
