
Microsoft Visual Studio Solution File, Format Version 12.00
# Visual Studio 15
VisualStudioVersion = 15.0.28307.136
MinimumVisualStudioVersion = 10.0.40219.1
Project("{FAE04EC0-301F-11D3-BF4B-00C04F79EFBC}") = "HW3-1", "HW3-1\HW3-1.csproj", "{A5FE541E-D89B-4A64-9E4C-25F2E2955411}"
EndProject
Global
	GlobalSection(SolutionConfigurationPlatforms) = preSolution
		Debug|Any CPU = Debug|Any CPU
		Release|Any CPU = Release|Any CPU
	EndGlobalSection
	GlobalSection(ProjectConfigurationPlatforms) = postSolution
		{A5FE541E-D89B-4A64-9E4C-25F2E2955411}.Debug|Any CPU.ActiveCfg = Debug|Any CPU
		{A5FE541E-D89B-4A64-9E4C-25F2E2955411}.Debug|Any CPU.Build.0 = Debug|Any CPU
		{A5FE541E-D89B-4A64-9E4C-25F2E2955411}.Release|Any CPU.ActiveCfg = Release|Any CPU
		{A5FE541E-D89B-4A64-9E4C-25F2E2955411}.Release|Any CPU.Build.0 = Release|Any CPU
	EndGlobalSection
	GlobalSection(SolutionProperties) = preSolution
		HideSolutionNode = FALSE
	EndGlobalSection
	GlobalSection(ExtensibilityGlobals) = postSolution
		SolutionGuid = {D8D75E5E-60D9-473E-98AA-C044EE2108BF}
	EndGlobalSection
EndGlobal
